
Microsoft Visual Studio Solution File, Format Version 12.00
# Visual Studio Version 16
VisualStudioVersion = 16.0.29230.47
MinimumVisualStudioVersion = 10.0.40219.1
Project("{9A19103F-16F7-4668-BE54-9A1E7A4F7556}") = "Skat", "Skat\Skat.csproj", "{AF9FD75A-899C-4B43-994A-81A12316BD34}"
EndProject
Project("{9A19103F-16F7-4668-BE54-9A1E7A4F7556}") = "TestProject", "TestProject\TestProject.csproj", "{B2A65AAD-3933-4C13-808B-A4B70BBA0923}"
EndProject
Project("{9A19103F-16F7-4668-BE54-9A1E7A4F7556}") = "TCP_server", "TCP_server\TCP_server.csproj", "{F4A79854-7055-4F15-8EEF-3F2817523538}"
EndProject
Global
	GlobalSection(SolutionConfigurationPlatforms) = preSolution
		Debug|Any CPU = Debug|Any CPU
		Release|Any CPU = Release|Any CPU
	EndGlobalSection
	GlobalSection(ProjectConfigurationPlatforms) = postSolution
		{AF9FD75A-899C-4B43-994A-81A12316BD34}.Debug|Any CPU.ActiveCfg = Debug|Any CPU
		{AF9FD75A-899C-4B43-994A-81A12316BD34}.Debug|Any CPU.Build.0 = Debug|Any CPU
		{AF9FD75A-899C-4B43-994A-81A12316BD34}.Release|Any CPU.ActiveCfg = Release|Any CPU
		{AF9FD75A-899C-4B43-994A-81A12316BD34}.Release|Any CPU.Build.0 = Release|Any CPU
		{B2A65AAD-3933-4C13-808B-A4B70BBA0923}.Debug|Any CPU.ActiveCfg = Debug|Any CPU
		{B2A65AAD-3933-4C13-808B-A4B70BBA0923}.Debug|Any CPU.Build.0 = Debug|Any CPU
		{B2A65AAD-3933-4C13-808B-A4B70BBA0923}.Release|Any CPU.ActiveCfg = Release|Any CPU
		{B2A65AAD-3933-4C13-808B-A4B70BBA0923}.Release|Any CPU.Build.0 = Release|Any CPU
		{F4A79854-7055-4F15-8EEF-3F2817523538}.Debug|Any CPU.ActiveCfg = Debug|Any CPU
		{F4A79854-7055-4F15-8EEF-3F2817523538}.Debug|Any CPU.Build.0 = Debug|Any CPU
		{F4A79854-7055-4F15-8EEF-3F2817523538}.Release|Any CPU.ActiveCfg = Release|Any CPU
		{F4A79854-7055-4F15-8EEF-3F2817523538}.Release|Any CPU.Build.0 = Release|Any CPU
	EndGlobalSection
	GlobalSection(SolutionProperties) = preSolution
		HideSolutionNode = FALSE
	EndGlobalSection
	GlobalSection(ExtensibilityGlobals) = postSolution
		SolutionGuid = {08AE4E47-8570-4AF6-A2F8-FF4BA0DF4D35}
	EndGlobalSection
EndGlobal
